
Microsoft Visual Studio Solution File, Format Version 12.00
# Visual Studio Version 16
VisualStudioVersion = 16.0.31402.337
MinimumVisualStudioVersion = 10.0.40219.1
Project("{FAE04EC0-301F-11D3-BF4B-00C04F79EFBC}") = "myPublishGIT", "myPublishGIT\myPublishGIT.csproj", "{2789C5F3-62F0-4BB8-AB21-1B0D226D83CF}"
EndProject
Global
	GlobalSection(SolutionConfigurationPlatforms) = preSolution
		Debug|Any CPU = Debug|Any CPU
		Release|Any CPU = Release|Any CPU
	EndGlobalSection
	GlobalSection(ProjectConfigurationPlatforms) = postSolution
		{2789C5F3-62F0-4BB8-AB21-1B0D226D83CF}.Debug|Any CPU.ActiveCfg = Debug|Any CPU
		{2789C5F3-62F0-4BB8-AB21-1B0D226D83CF}.Debug|Any CPU.Build.0 = Debug|Any CPU
		{2789C5F3-62F0-4BB8-AB21-1B0D226D83CF}.Release|Any CPU.ActiveCfg = Release|Any CPU
		{2789C5F3-62F0-4BB8-AB21-1B0D226D83CF}.Release|Any CPU.Build.0 = Release|Any CPU
	EndGlobalSection
	GlobalSection(SolutionProperties) = preSolution
		HideSolutionNode = FALSE
	EndGlobalSection
	GlobalSection(ExtensibilityGlobals) = postSolution
		SolutionGuid = {932519BC-1699-41ED-9821-C2323F0AE580}
	EndGlobalSection
EndGlobal
